// !$*UTF8*$!
{
	archiveVersion = 1;
	classes = {
	};
	objectVersion = 50;
	objects = {

/* Begin PBXBuildFile section */
		DA4997BA2087D24E00F3A65C /* AppDelegate.swift in Sources */ = {isa = PBXBuildFile; fileRef = DA4997B92087D24E00F3A65C /* AppDelegate.swift */; };
		DA4997BC2087D24E00F3A65C /* MainViewController.swift in Sources */ = {isa = PBXBuildFile; fileRef = DA4997BB2087D24E00F3A65C /* MainViewController.swift */; };
		DA4997C22087D24E00F3A65C /* MyDrinks.xcdatamodeld in Sources */ = {isa = PBXBuildFile; fileRef = DA4997C02087D24E00F3A65C /* MyDrinks.xcdatamodeld */; };
		DA4997C42087D25000F3A65C /* Assets.xcassets in Resources */ = {isa = PBXBuildFile; fileRef = DA4997C32087D25000F3A65C /* Assets.xcassets */; };
		DA4997C72087D25000F3A65C /* LaunchScreen.storyboard in Resources */ = {isa = PBXBuildFile; fileRef = DA4997C52087D25000F3A65C /* LaunchScreen.storyboard */; };
		DA4997CF2087D94100F3A65C /* MainViewCell.swift in Sources */ = {isa = PBXBuildFile; fileRef = DA4997CE2087D94100F3A65C /* MainViewCell.swift */; };
		DAA037322087E525009D5241 /* Beer.swift in Sources */ = {isa = PBXBuildFile; fileRef = DAA037312087E524009D5241 /* Beer.swift */; };
		DAA037392088A25F009D5241 /* MenuBarView.swift in Sources */ = {isa = PBXBuildFile; fileRef = DAA037382088A25F009D5241 /* MenuBarView.swift */; };
		DAA0373D2088B615009D5241 /* Extensions.swift in Sources */ = {isa = PBXBuildFile; fileRef = DAA0373C2088B615009D5241 /* Extensions.swift */; };
/* End PBXBuildFile section */

/* Begin PBXFileReference section */
		DA4997B62087D24E00F3A65C /* MyDrinks.app */ = {isa = PBXFileReference; explicitFileType = wrapper.application; includeInIndex = 0; path = MyDrinks.app; sourceTree = BUILT_PRODUCTS_DIR; };
		DA4997B92087D24E00F3A65C /* AppDelegate.swift */ = {isa = PBXFileReference; lastKnownFileType = sourcecode.swift; path = AppDelegate.swift; sourceTree = "<group>"; };
		DA4997BB2087D24E00F3A65C /* MainViewController.swift */ = {isa = PBXFileReference; lastKnownFileType = sourcecode.swift; path = MainViewController.swift; sourceTree = "<group>"; };
		DA4997C12087D24E00F3A65C /* MyDrinks.xcdatamodel */ = {isa = PBXFileReference; lastKnownFileType = wrapper.xcdatamodel; path = MyDrinks.xcdatamodel; sourceTree = "<group>"; };
		DA4997C32087D25000F3A65C /* Assets.xcassets */ = {isa = PBXFileReference; lastKnownFileType = folder.assetcatalog; path = Assets.xcassets; sourceTree = "<group>"; };
		DA4997C62087D25000F3A65C /* Base */ = {isa = PBXFileReference; lastKnownFileType = file.storyboard; name = Base; path = Base.lproj/LaunchScreen.storyboard; sourceTree = "<group>"; };
		DA4997C82087D25000F3A65C /* Info.plist */ = {isa = PBXFileReference; lastKnownFileType = text.plist.xml; path = Info.plist; sourceTree = "<group>"; };
		DA4997CE2087D94100F3A65C /* MainViewCell.swift */ = {isa = PBXFileReference; lastKnownFileType = sourcecode.swift; path = MainViewCell.swift; sourceTree = "<group>"; };
		DAA037312087E524009D5241 /* Beer.swift */ = {isa = PBXFileReference; lastKnownFileType = sourcecode.swift; path = Beer.swift; sourceTree = "<group>"; };
		DAA037382088A25F009D5241 /* MenuBarView.swift */ = {isa = PBXFileReference; lastKnownFileType = sourcecode.swift; path = MenuBarView.swift; sourceTree = "<group>"; };
		DAA0373C2088B615009D5241 /* Extensions.swift */ = {isa = PBXFileReference; lastKnownFileType = sourcecode.swift; path = Extensions.swift; sourceTree = "<group>"; };
/* End PBXFileReference section */

/* Begin PBXFrameworksBuildPhase section */
		DA4997B32087D24E00F3A65C /* Frameworks */ = {
			isa = PBXFrameworksBuildPhase;
			buildActionMask = 2147483647;
			files = (
			);
			runOnlyForDeploymentPostprocessing = 0;
		};
/* End PBXFrameworksBuildPhase section */

/* Begin PBXGroup section */
		DA4997AD2087D24E00F3A65C = {
			isa = PBXGroup;
			children = (
				DA4997B92087D24E00F3A65C /* AppDelegate.swift */,
				DA4997C52087D25000F3A65C /* LaunchScreen.storyboard */,
				DA4997C82087D25000F3A65C /* Info.plist */,
				DA4997C02087D24E00F3A65C /* MyDrinks.xcdatamodeld */,
				DA4997B82087D24E00F3A65C /* MyDrinks */,
				DA4997B72087D24E00F3A65C /* Products */,
			);
			sourceTree = "<group>";
		};
		DA4997B72087D24E00F3A65C /* Products */ = {
			isa = PBXGroup;
			children = (
				DA4997B62087D24E00F3A65C /* MyDrinks.app */,
			);
			name = Products;
			sourceTree = "<group>";
		};
		DA4997B82087D24E00F3A65C /* MyDrinks */ = {
			isa = PBXGroup;
			children = (
				DAA037382088A25F009D5241 /* MenuBarView.swift */,
				DA4997BB2087D24E00F3A65C /* MainViewController.swift */,
				DAA037332087E52E009D5241 /* Models */,
				DA4997CE2087D94100F3A65C /* MainViewCell.swift */,
				DA4997C32087D25000F3A65C /* Assets.xcassets */,
				DAA0373E2088B61C009D5241 /* Helpers */,
			);
			path = MyDrinks;
			sourceTree = "<group>";
		};
		DAA037332087E52E009D5241 /* Models */ = {
			isa = PBXGroup;
			children = (
				DAA037312087E524009D5241 /* Beer.swift */,
			);
			path = Models;
			sourceTree = "<group>";
		};
		DAA0373E2088B61C009D5241 /* Helpers */ = {
			isa = PBXGroup;
			children = (
				DAA0373C2088B615009D5241 /* Extensions.swift */,
			);
			path = Helpers;
			sourceTree = "<group>";
		};
/* End PBXGroup section */

/* Begin PBXNativeTarget section */
		DA4997B52087D24E00F3A65C /* MyDrinks */ = {
			isa = PBXNativeTarget;
			buildConfigurationList = DA4997CB2087D25000F3A65C /* Build configuration list for PBXNativeTarget "MyDrinks" */;
			buildPhases = (
				DA4997B22087D24E00F3A65C /* Sources */,
				DA4997B32087D24E00F3A65C /* Frameworks */,
				DA4997B42087D24E00F3A65C /* Resources */,
			);
			buildRules = (
			);
			dependencies = (
			);
			name = MyDrinks;
			productName = MyDrinks;
			productReference = DA4997B62087D24E00F3A65C /* MyDrinks.app */;
			productType = "com.apple.product-type.application";
		};
/* End PBXNativeTarget section */

/* Begin PBXProject section */
		DA4997AE2087D24E00F3A65C /* Project object */ = {
			isa = PBXProject;
			attributes = {
				LastSwiftUpdateCheck = 0930;
				LastUpgradeCheck = 0930;
				ORGANIZATIONNAME = "Paweł Liczmański";
				TargetAttributes = {
					DA4997B52087D24E00F3A65C = {
						CreatedOnToolsVersion = 9.3;
					};
				};
			};
			buildConfigurationList = DA4997B12087D24E00F3A65C /* Build configuration list for PBXProject "MyDrinks" */;
			compatibilityVersion = "Xcode 9.3";
			developmentRegion = en;
			hasScannedForEncodings = 0;
			knownRegions = (
				en,
				Base,
			);
			mainGroup = DA4997AD2087D24E00F3A65C;
			productRefGroup = DA4997B72087D24E00F3A65C /* Products */;
			projectDirPath = "";
			projectRoot = "";
			targets = (
				DA4997B52087D24E00F3A65C /* MyDrinks */,
			);
		};
/* End PBXProject section */

/* Begin PBXResourcesBuildPhase section */
		DA4997B42087D24E00F3A65C /* Resources */ = {
			isa = PBXResourcesBuildPhase;
			buildActionMask = 2147483647;
			files = (
				DA4997C72087D25000F3A65C /* LaunchScreen.storyboard in Resources */,
				DA4997C42087D25000F3A65C /* Assets.xcassets in Resources */,
			);
			runOnlyForDeploymentPostprocessing = 0;
		};
/* End PBXResourcesBuildPhase section */

/* Begin PBXSourcesBuildPhase section */
		DA4997B22087D24E00F3A65C /* Sources */ = {
			isa = PBXSourcesBuildPhase;
			buildActionMask = 2147483647;
			files = (
				DA4997BC2087D24E00F3A65C /* MainViewController.swift in Sources */,
				DA4997CF2087D94100F3A65C /* MainViewCell.swift in Sources */,
				DAA037322087E525009D5241 /* Beer.swift in Sources */,
				DAA037392088A25F009D5241 /* MenuBarView.swift in Sources */,
				DA4997C22087D24E00F3A65C /* MyDrinks.xcdatamodeld in Sources */,
				DA4997BA2087D24E00F3A65C /* AppDelegate.swift in Sources */,
				DAA0373D2088B615009D5241 /* Extensions.swift in Sources */,
			);
			runOnlyForDeploymentPostprocessing = 0;
		};
/* End PBXSourcesBuildPhase section */

/* Begin PBXVariantGroup section */
		DA4997C52087D25000F3A65C /* LaunchScreen.storyboard */ = {
			isa = PBXVariantGroup;
			children = (
				DA4997C62087D25000F3A65C /* Base */,
			);
			name = LaunchScreen.storyboard;
			sourceTree = "<group>";
		};
/* End PBXVariantGroup section */

/* Begin XCBuildConfiguration section */
		DA4997C92087D25000F3A65C /* Debug */ = {
			isa = XCBuildConfiguration;
			buildSettings = {
				ALWAYS_SEARCH_USER_PATHS = NO;
				CLANG_ANALYZER_NONNULL = YES;
				CLANG_ANALYZER_NUMBER_OBJECT_CONVERSION = YES_AGGRESSIVE;
				CLANG_CXX_LANGUAGE_STANDARD = "gnu++14";
				CLANG_CXX_LIBRARY = "libc++";
				CLANG_ENABLE_MODULES = YES;
				CLANG_ENABLE_OBJC_ARC = YES;
				CLANG_ENABLE_OBJC_WEAK = YES;
				CLANG_WARN_BLOCK_CAPTURE_AUTORELEASING = YES;
				CLANG_WARN_BOOL_CONVERSION = YES;
				CLANG_WARN_COMMA = YES;
				CLANG_WARN_CONSTANT_CONVERSION = YES;
				CLANG_WARN_DEPRECATED_OBJC_IMPLEMENTATIONS = YES;
				CLANG_WARN_DIRECT_OBJC_ISA_USAGE = YES_ERROR;
				CLANG_WARN_DOCUMENTATION_COMMENTS = YES;
				CLANG_WARN_EMPTY_BODY = YES;
				CLANG_WARN_ENUM_CONVERSION = YES;
				CLANG_WARN_INFINITE_RECURSION = YES;
				CLANG_WARN_INT_CONVERSION = YES;
				CLANG_WARN_NON_LITERAL_NULL_CONVERSION = YES;
				CLANG_WARN_OBJC_IMPLICIT_RETAIN_SELF = YES;
				CLANG_WARN_OBJC_LITERAL_CONVERSION = YES;
				CLANG_WARN_OBJC_ROOT_CLASS = YES_ERROR;
				CLANG_WARN_RANGE_LOOP_ANALYSIS = YES;
				CLANG_WARN_STRICT_PROTOTYPES = YES;
				CLANG_WARN_SUSPICIOUS_MOVE = YES;
				CLANG_WARN_UNGUARDED_AVAILABILITY = YES_AGGRESSIVE;
				CLANG_WARN_UNREACHABLE_CODE = YES;
				CLANG_WARN__DUPLICATE_METHOD_MATCH = YES;
				CODE_SIGN_IDENTITY = "iPhone Developer";
				COPY_PHASE_STRIP = NO;
				DEBUG_INFORMATION_FORMAT = dwarf;
				ENABLE_STRICT_OBJC_MSGSEND = YES;
				ENABLE_TESTABILITY = YES;
				GCC_C_LANGUAGE_STANDARD = gnu11;
				GCC_DYNAMIC_NO_PIC = NO;
				GCC_NO_COMMON_BLOCKS = YES;
				GCC_OPTIMIZATION_LEVEL = 0;
				GCC_PREPROCESSOR_DEFINITIONS = (
					"DEBUG=1",
					"$(inherited)",
				);
				GCC_WARN_64_TO_32_BIT_CONVERSION = YES;
				GCC_WARN_ABOUT_RETURN_TYPE = YES_ERROR;
				GCC_WARN_UNDECLARED_SELECTOR = YES;
				GCC_WARN_UNINITIALIZED_AUTOS = YES_AGGRESSIVE;
				GCC_WARN_UNUSED_FUNCTION = YES;
				GCC_WARN_UNUSED_VARIABLE = YES;
				IPHONEOS_DEPLOYMENT_TARGET = 11.3;
				MTL_ENABLE_DEBUG_INFO = YES;
				ONLY_ACTIVE_ARCH = YES;
				SDKROOT = iphoneos;
				SWIFT_ACTIVE_COMPILATION_CONDITIONS = DEBUG;
				SWIFT_OPTIMIZATION_LEVEL = "-Onone";
			};
			name = Debug;
		};
		DA4997CA2087D25000F3A65C /* Release */ = {
			isa = XCBuildConfiguration;
			buildSettings = {
				ALWAYS_SEARCH_USER_PATHS = NO;
				CLANG_ANALYZER_NONNULL = YES;
				CLANG_ANALYZER_NUMBER_OBJECT_CONVERSION = YES_AGGRESSIVE;
				CLANG_CXX_LANGUAGE_STANDARD = "gnu++14";
				CLANG_CXX_LIBRARY = "libc++";
				CLANG_ENABLE_MODULES = YES;
				CLANG_ENABLE_OBJC_ARC = YES;
				CLANG_ENABLE_OBJC_WEAK = YES;
				CLANG_WARN_BLOCK_CAPTURE_AUTORELEASING = YES;
				CLANG_WARN_BOOL_CONVERSION = YES;
				CLANG_WARN_COMMA = YES;
				CLANG_WARN_CONSTANT_CONVERSION = YES;
				CLANG_WARN_DEPRECATED_OBJC_IMPLEMENTATIONS = YES;
				CLANG_WARN_DIRECT_OBJC_ISA_USAGE = YES_ERROR;
				CLANG_WARN_DOCUMENTATION_COMMENTS = YES;
				CLANG_WARN_EMPTY_BODY = YES;
				CLANG_WARN_ENUM_CONVERSION = YES;
				CLANG_WARN_INFINITE_RECURSION = YES;
				CLANG_WARN_INT_CONVERSION = YES;
				CLANG_WARN_NON_LITERAL_NULL_CONVERSION = YES;
				CLANG_WARN_OBJC_IMPLICIT_RETAIN_SELF = YES;
				CLANG_WARN_OBJC_LITERAL_CONVERSION = YES;
				CLANG_WARN_OBJC_ROOT_CLASS = YES_ERROR;
				CLANG_WARN_RANGE_LOOP_ANALYSIS = YES;
				CLANG_WARN_STRICT_PROTOTYPES = YES;
				CLANG_WARN_SUSPICIOUS_MOVE = YES;
				CLANG_WARN_UNGUARDED_AVAILABILITY = YES_AGGRESSIVE;
				CLANG_WARN_UNREACHABLE_CODE = YES;
				CLANG_WARN__DUPLICATE_METHOD_MATCH = YES;
				CODE_SIGN_IDENTITY = "iPhone Developer";
				COPY_PHASE_STRIP = NO;
				DEBUG_INFORMATION_FORMAT = "dwarf-with-dsym";
				ENABLE_NS_ASSERTIONS = NO;
				ENABLE_STRICT_OBJC_MSGSEND = YES;
				GCC_C_LANGUAGE_STANDARD = gnu11;
				GCC_NO_COMMON_BLOCKS = YES;
				GCC_WARN_64_TO_32_BIT_CONVERSION = YES;
				GCC_WARN_ABOUT_RETURN_TYPE = YES_ERROR;
				GCC_WARN_UNDECLARED_SELECTOR = YES;
				GCC_WARN_UNINITIALIZED_AUTOS = YES_AGGRESSIVE;
				GCC_WARN_UNUSED_FUNCTION = YES;
				GCC_WARN_UNUSED_VARIABLE = YES;
				IPHONEOS_DEPLOYMENT_TARGET = 11.3;
				MTL_ENABLE_DEBUG_INFO = NO;
				SDKROOT = iphoneos;
				SWIFT_COMPILATION_MODE = wholemodule;
				SWIFT_OPTIMIZATION_LEVEL = "-O";
				VALIDATE_PRODUCT = YES;
			};
			name = Release;
		};
		DA4997CC2087D25000F3A65C /* Debug */ = {
			isa = XCBuildConfiguration;
			buildSettings = {
				ASSETCATALOG_COMPILER_APPICON_NAME = AppIcon;
				CODE_SIGN_STYLE = Automatic;
				DEVELOPMENT_TEAM = DBAJNSTG63;
				INFOPLIST_FILE = "$(SRCROOT)/Info.plist";
				LD_RUNPATH_SEARCH_PATHS = (
					"$(inherited)",
					"@executable_path/Frameworks",
				);
				PRODUCT_BUNDLE_IDENTIFIER = com.liczmanskipawel.MyDrinks;
				PRODUCT_NAME = "$(TARGET_NAME)";
				SWIFT_VERSION = 4.0;
				TARGETED_DEVICE_FAMILY = "1,2";
			};
			name = Debug;
		};
		DA4997CD2087D25000F3A65C /* Release */ = {
			isa = XCBuildConfiguration;
			buildSettings = {
				ASSETCATALOG_COMPILER_APPICON_NAME = AppIcon;
				CODE_SIGN_STYLE = Automatic;
				DEVELOPMENT_TEAM = DBAJNSTG63;
				INFOPLIST_FILE = "$(SRCROOT)/Info.plist";
				LD_RUNPATH_SEARCH_PATHS = (
					"$(inherited)",
					"@executable_path/Frameworks",
				);
				PRODUCT_BUNDLE_IDENTIFIER = com.liczmanskipawel.MyDrinks;
				PRODUCT_NAME = "$(TARGET_NAME)";
				SWIFT_VERSION = 4.0;
				TARGETED_DEVICE_FAMILY = "1,2";
			};
			name = Release;
		};
/* End XCBuildConfiguration section */

/* Begin XCConfigurationList section */
		DA4997B12087D24E00F3A65C /* Build configuration list for PBXProject "MyDrinks" */ = {
			isa = XCConfigurationList;
			buildConfigurations = (
				DA4997C92087D25000F3A65C /* Debug */,
				DA4997CA2087D25000F3A65C /* Release */,
			);
			defaultConfigurationIsVisible = 0;
			defaultConfigurationName = Release;
		};
		DA4997CB2087D25000F3A65C /* Build configuration list for PBXNativeTarget "MyDrinks" */ = {
			isa = XCConfigurationList;
			buildConfigurations = (
				DA4997CC2087D25000F3A65C /* Debug */,
				DA4997CD2087D25000F3A65C /* Release */,
			);
			defaultConfigurationIsVisible = 0;
			defaultConfigurationName = Release;
		};
/* End XCConfigurationList section */

/* Begin XCVersionGroup section */
		DA4997C02087D24E00F3A65C /* MyDrinks.xcdatamodeld */ = {
			isa = XCVersionGroup;
			children = (
				DA4997C12087D24E00F3A65C /* MyDrinks.xcdatamodel */,
			);
			currentVersion = DA4997C12087D24E00F3A65C /* MyDrinks.xcdatamodel */;
			path = MyDrinks.xcdatamodeld;
			sourceTree = "<group>";
			versionGroupType = wrapper.xcdatamodel;
		};
/* End XCVersionGroup section */
	};
	rootObject = DA4997AE2087D24E00F3A65C /* Project object */;
}
